version: 6
environments:
  default:
    channels:
    - url: https://conda.anaconda.org/conda-forge/
    packages:
      osx-arm64:
      - conda: https://conda.anaconda.org/conda-forge/noarch/_python_abi3_support-1.0-hd8ed1ab_2.conda
      - conda: https://conda.anaconda.org/conda-forge/noarch/anyio-4.12.1-pyhcf101f3_0.conda
      - conda: https://conda.anaconda.org/conda-forge/noarch/archspec-0.2.5-pyhd8ed1ab_0.conda
      - conda: https://conda.anaconda.org/conda-forge/noarch/backports.zstd-1.3.0-py314h680f03e_0.conda
      - conda: https://conda.anaconda.org/conda-forge/noarch/boltons-25.0.0-pyhd8ed1ab_0.conda
      - conda: https://conda.anaconda.org/conda-forge/osx-arm64/brotli-python-1.2.0-py314h3daef5d_1.conda
      - conda: https://conda.anaconda.org/conda-forge/osx-arm64/bzip2-1.0.8-hd037594_9.conda
      - conda: https://conda.anaconda.org/conda-forge/noarch/ca-certificates-2026.2.25-hbd8a1cb_0.conda
      - conda: https://conda.anaconda.org/conda-forge/noarch/cached-property-1.5.2-hd8ed1ab_1.tar.bz2
      - conda: https://conda.anaconda.org/conda-forge/noarch/cached_property-1.5.2-pyha770c72_1.tar.bz2
      - conda: https://conda.anaconda.org/conda-forge/noarch/certifi-2026.2.25-pyhd8ed1ab_0.conda
      - conda: https://conda.anaconda.org/conda-forge/osx-arm64/cffi-2.0.0-py314h44086f9_1.conda
      - conda: https://conda.anaconda.org/conda-forge/noarch/charset-normalizer-3.4.5-pyhd8ed1ab_0.conda
      - conda: https://conda.anaconda.org/conda-forge/noarch/click-8.3.1-pyh8f84b5b_1.conda
      - conda: https://conda.anaconda.org/conda-forge/noarch/colorama-0.4.6-pyhd8ed1ab_1.conda
      - conda: https://conda.anaconda.org/conda-forge/osx-arm64/conda-26.1.1-py314h4dc9dd8_0.conda
      - conda: https://conda.anaconda.org/conda-forge/noarch/conda-index-0.7.0-pyhd8ed1ab_0.conda
      - conda: https://conda.anaconda.org/conda-forge/noarch/conda-package-handling-2.4.0-pyh7900ff3_2.conda
      - conda: https://conda.anaconda.org/conda-forge/noarch/conda-package-streaming-0.12.0-pyhd8ed1ab_0.conda
      - conda: https://conda.anaconda.org/conda-forge/osx-arm64/conda-pypi-0.5.0-py314h4dc9dd8_1.conda
      - conda: https://conda.anaconda.org/conda-forge/noarch/conda-rattler-solver-0.0.5-pyhcf101f3_0.conda
      - conda: https://conda.anaconda.org/conda-forge/noarch/conda-self-0.1.1-pyhd8ed1ab_0.conda
      - conda: https://conda.anaconda.org/conda-forge/noarch/conda-spawn-0.0.5-pyhd8ed1ab_0.conda
      - conda: https://conda.anaconda.org/conda-forge/noarch/cpython-3.14.3-py314hd8ed1ab_101.conda
      - conda: https://conda.anaconda.org/conda-forge/noarch/distro-1.9.0-pyhd8ed1ab_1.conda
      - conda: https://conda.anaconda.org/conda-forge/noarch/exceptiongroup-1.3.1-pyhd8ed1ab_0.conda
      - conda: https://conda.anaconda.org/conda-forge/noarch/filelock-3.25.1-pyhd8ed1ab_0.conda
      - conda: https://conda.anaconda.org/conda-forge/osx-arm64/frozendict-2.4.7-py314h0612a62_0.conda
      - conda: https://conda.anaconda.org/conda-forge/noarch/h11-0.16.0-pyhcf101f3_1.conda
      - conda: https://conda.anaconda.org/conda-forge/noarch/h2-4.3.0-pyhcf101f3_0.conda
      - conda: https://conda.anaconda.org/conda-forge/noarch/hpack-4.1.0-pyhd8ed1ab_0.conda
      - conda: https://conda.anaconda.org/conda-forge/noarch/httpcore-1.0.9-pyh29332c3_0.conda
      - conda: https://conda.anaconda.org/conda-forge/noarch/httpx-0.28.1-pyhd8ed1ab_0.conda
      - conda: https://conda.anaconda.org/conda-forge/noarch/hyperframe-6.1.0-pyhd8ed1ab_0.conda
      - conda: https://conda.anaconda.org/conda-forge/osx-arm64/icu-78.2-hef89b57_0.conda
      - conda: https://conda.anaconda.org/conda-forge/noarch/idna-3.11-pyhd8ed1ab_0.conda
      - conda: https://conda.anaconda.org/conda-forge/noarch/importlib-metadata-8.7.0-pyhe01879c_1.conda
      - conda: https://conda.anaconda.org/conda-forge/noarch/jinja2-3.1.6-pyhcf101f3_1.conda
      - conda: https://conda.anaconda.org/conda-forge/noarch/jsonpatch-1.33-pyhd8ed1ab_1.conda
      - conda: https://conda.anaconda.org/conda-forge/noarch/jsonpointer-3.0.0-pyhcf101f3_3.conda
      - conda: https://conda.anaconda.org/conda-forge/osx-arm64/libcxx-22.1.0-h55c6f16_1.conda
      - conda: https://conda.anaconda.org/conda-forge/osx-arm64/libexpat-2.7.4-hf6b4638_0.conda
      - conda: https://conda.anaconda.org/conda-forge/osx-arm64/libffi-3.5.2-hcf2aa1b_0.conda
      - conda: https://conda.anaconda.org/conda-forge/osx-arm64/liblzma-5.8.2-h8088a28_0.conda
      - conda: https://conda.anaconda.org/conda-forge/osx-arm64/libmpdec-4.0.0-h84a0fba_1.conda
      - conda: https://conda.anaconda.org/conda-forge/osx-arm64/libsqlite-3.52.0-h1ae2325_0.conda
      - conda: https://conda.anaconda.org/conda-forge/osx-arm64/libzlib-1.3.1-h8359307_2.conda
      - conda: https://conda.anaconda.org/conda-forge/osx-arm64/markupsafe-3.0.3-py314h6e9b3f0_1.conda
      - conda: https://conda.anaconda.org/conda-forge/osx-arm64/menuinst-2.4.2-py314h4dc9dd8_0.conda
      - conda: https://conda.anaconda.org/conda-forge/osx-arm64/msgpack-python-1.1.2-py314h784bc60_1.conda
      - conda: https://conda.anaconda.org/conda-forge/osx-arm64/ncurses-6.5-h5e97a16_3.conda
      - conda: https://conda.anaconda.org/conda-forge/osx-arm64/openssl-3.6.1-hd24854e_1.conda
      - conda: https://conda.anaconda.org/conda-forge/noarch/packaging-26.0-pyhcf101f3_0.conda
      - conda: https://conda.anaconda.org/conda-forge/noarch/pexpect-4.9.0-pyhd8ed1ab_1.conda
      - conda: https://conda.anaconda.org/conda-forge/noarch/pip-26.0.1-pyh145f28c_0.conda
      - conda: https://conda.anaconda.org/conda-forge/noarch/platformdirs-4.9.2-pyhcf101f3_0.conda
      - conda: https://conda.anaconda.org/conda-forge/noarch/pluggy-1.6.0-pyhf9edf01_1.conda
      - conda: https://conda.anaconda.org/conda-forge/noarch/ptyprocess-0.7.0-pyhd8ed1ab_1.conda
      - conda: https://conda.anaconda.org/conda-forge/osx-arm64/py-rattler-0.22.0-py310hcf6febd_0.conda
      - conda: https://conda.anaconda.org/conda-forge/osx-arm64/pycosat-0.6.6-py314hb84d1df_3.conda
      - conda: https://conda.anaconda.org/conda-forge/noarch/pycparser-2.22-pyh29332c3_1.conda
      - conda: https://conda.anaconda.org/conda-forge/noarch/pyproject_hooks-1.2.0-pyhd8ed1ab_1.conda
      - conda: https://conda.anaconda.org/conda-forge/noarch/pysocks-1.7.1-pyha55dd90_7.conda
      - conda: https://conda.anaconda.org/conda-forge/osx-arm64/python-3.14.3-h4c637c5_101_cp314.conda
      - conda: https://conda.anaconda.org/conda-forge/noarch/python-build-1.4.0-pyh332efcf_0.conda
      - conda: https://conda.anaconda.org/conda-forge/noarch/python-gil-3.14.3-h4df99d1_101.conda
      - conda: https://conda.anaconda.org/conda-forge/noarch/python-installer-0.7.0-pyhff2d567_1.conda
      - conda: https://conda.anaconda.org/conda-forge/noarch/python_abi-3.14-8_cp314.conda
      - conda: https://conda.anaconda.org/conda-forge/osx-arm64/readline-8.3-h46df422_0.conda
      - conda: https://conda.anaconda.org/conda-forge/noarch/requests-2.32.5-pyhcf101f3_1.conda
      - conda: https://conda.anaconda.org/conda-forge/osx-arm64/ruamel.yaml-0.18.17-py314ha14b1ff_2.conda
      - conda: https://conda.anaconda.org/conda-forge/osx-arm64/ruamel.yaml.clib-0.2.15-py314ha14b1ff_1.conda
      - conda: https://conda.anaconda.org/conda-forge/noarch/setuptools-82.0.1-pyh332efcf_0.conda
      - conda: https://conda.anaconda.org/conda-forge/noarch/shellingham-1.5.4-pyhd8ed1ab_2.conda
      - conda: https://conda.anaconda.org/conda-forge/noarch/sniffio-1.3.1-pyhd8ed1ab_2.conda
      - conda: https://conda.anaconda.org/conda-forge/osx-arm64/tk-8.6.13-h010d191_3.conda
      - conda: https://conda.anaconda.org/conda-forge/noarch/tomli-2.4.0-pyhcf101f3_0.conda
      - conda: https://conda.anaconda.org/conda-forge/noarch/tqdm-4.67.3-pyh8f84b5b_0.conda
      - conda: https://conda.anaconda.org/conda-forge/noarch/truststore-0.10.4-pyhcf101f3_0.conda
      - conda: https://conda.anaconda.org/conda-forge/noarch/typing_extensions-4.15.0-pyhcf101f3_0.conda
      - conda: https://conda.anaconda.org/conda-forge/noarch/tzdata-2025c-hc9c84f9_1.conda
      - conda: https://conda.anaconda.org/conda-forge/noarch/unearth-0.18.2-pyhd8ed1ab_0.conda
      - conda: https://conda.anaconda.org/conda-forge/noarch/urllib3-2.6.3-pyhd8ed1ab_0.conda
      - conda: https://conda.anaconda.org/conda-forge/noarch/zipp-3.23.0-pyhcf101f3_1.conda
      - conda: https://conda.anaconda.org/conda-forge/osx-arm64/zstandard-0.25.0-py314h9d33bd4_1.conda
      - conda: https://conda.anaconda.org/conda-forge/osx-arm64/zstd-1.5.7-hbf9d68e_6.conda
packages:
- conda: https://conda.anaconda.org/conda-forge/noarch/_python_abi3_support-1.0-hd8ed1ab_2.conda
  sha256: a3967b937b9abf0f2a99f3173fa4630293979bd1644709d89580e7c62a544661
  md5: aaa2a381ccc56eac91d63b6c1240312f
  depends:
  - cpython
  - python-gil
  license: MIT
  license_family: MIT
  size: 8191
  timestamp: 1744137672556
- conda: https://conda.anaconda.org/conda-forge/noarch/anyio-4.12.1-pyhcf101f3_0.conda
  sha256: eb0c4e2b24f1fbefaf96ce6c992c6bd64340bc3c06add4d7415ab69222b201da
  md5: 11a2b8c732d215d977998ccd69a9d5e8
  depends:
  - exceptiongroup >=1.0.2
  - idna >=2.8
  - python >=3.10
  - typing_extensions >=4.5
  - python
  constrains:
  - trio >=0.32.0
  - uvloop >=0.21
  license: MIT
  license_family: MIT
  size: 145175
  timestamp: 1767719033569
- conda: https://conda.anaconda.org/conda-forge/noarch/archspec-0.2.5-pyhd8ed1ab_0.conda
  sha256: eb68e1ce9e9a148168a4b1e257a8feebffdb0664b557bb526a1e4853f2d2fc00
  md5: 845b38297fca2f2d18a29748e2ece7fa
  depends:
  - python >=3.9
  license: MIT OR Apache-2.0
  size: 50894
  timestamp: 1737352715041
- conda: https://conda.anaconda.org/conda-forge/noarch/backports.zstd-1.3.0-py314h680f03e_0.conda
  noarch: generic
  sha256: c31ab719d256bc6f89926131e88ecd0f0c5d003fe8481852c6424f4ec6c7eb29
  md5: a2ac7763a9ac75055b68f325d3255265
  depends:
  - python >=3.14
  license: BSD-3-Clause AND MIT AND EPL-2.0
  size: 7514
  timestamp: 1767044983590
- conda: https://conda.anaconda.org/conda-forge/noarch/boltons-25.0.0-pyhd8ed1ab_0.conda
  sha256: ea5f4c876eff2ed469551b57f1cc889a3c01128bf3e2e10b1fea11c3ef39eac2
  md5: c7eb87af73750d6fd97eff8bbee8cb9c
  depends:
  - python >=3.9
  license: BSD-3-Clause
  license_family: BSD
  size: 302296
  timestamp: 1749686302834
- conda: https://conda.anaconda.org/conda-forge/osx-arm64/brotli-python-1.2.0-py314h3daef5d_1.conda
  sha256: 5c2e471fd262fcc3c5a9d5ea4dae5917b885e0e9b02763dbd0f0d9635ed4cb99
  md5: f9501812fe7c66b6548c7fcaa1c1f252
  depends:
  - __osx >=11.0
  - libcxx >=19
  - python >=3.14,<3.15.0a0
  - python >=3.14,<3.15.0a0 *_cp314
  - python_abi 3.14.* *_cp314
  constrains:
  - libbrotlicommon 1.2.0 hc919400_1
  license: MIT
  license_family: MIT
  size: 359854
  timestamp: 1764018178608
- conda: https://conda.anaconda.org/conda-forge/osx-arm64/bzip2-1.0.8-hd037594_9.conda
  sha256: 540fe54be35fac0c17feefbdc3e29725cce05d7367ffedfaaa1bdda234b019df
  md5: 620b85a3f45526a8bc4d23fd78fc22f0
  depends:
  - __osx >=11.0
  license: bzip2-1.0.6
  license_family: BSD
  size: 124834
  timestamp: 1771350416561
- conda: https://conda.anaconda.org/conda-forge/noarch/ca-certificates-2026.2.25-hbd8a1cb_0.conda
  sha256: 67cc7101b36421c5913a1687ef1b99f85b5d6868da3abbf6ec1a4181e79782fc
  md5: 4492fd26db29495f0ba23f146cd5638d
  depends:
  - __unix
  license: ISC
  size: 147413
  timestamp: 1772006283803
- conda: https://conda.anaconda.org/conda-forge/noarch/cached-property-1.5.2-hd8ed1ab_1.tar.bz2
  noarch: python
  sha256: 561e6660f26c35d137ee150187d89767c988413c978e1b712d53f27ddf70ea17
  md5: 9b347a7ec10940d3f7941ff6c460b551
  depends:
  - cached_property >=1.5.2,<1.5.3.0a0
  license: BSD-3-Clause
  license_family: BSD
  size: 4134
  timestamp: 1615209571450
- conda: https://conda.anaconda.org/conda-forge/noarch/cached_property-1.5.2-pyha770c72_1.tar.bz2
  sha256: 6dbf7a5070cc43d90a1e4c2ec0c541c69d8e30a0e25f50ce9f6e4a432e42c5d7
  md5: 576d629e47797577ab0f1b351297ef4a
  depends:
  - python >=3.6
  license: BSD-3-Clause
  license_family: BSD
  size: 11065
  timestamp: 1615209567874
- conda: https://conda.anaconda.org/conda-forge/noarch/certifi-2026.2.25-pyhd8ed1ab_0.conda
  sha256: a6b118fd1ed6099dc4fc03f9c492b88882a780fadaef4ed4f93dc70757713656
  md5: 765c4d97e877cdbbb88ff33152b86125
  depends:
  - python >=3.10
  license: ISC
  size: 151445
  timestamp: 1772001170301
- conda: https://conda.anaconda.org/conda-forge/osx-arm64/cffi-2.0.0-py314h44086f9_1.conda
  sha256: 5b5ee5de01eb4e4fd2576add5ec9edfc654fbaf9293e7b7ad2f893a67780aa98
  md5: 10dd19e4c797b8f8bdb1ec1fbb6821d7
  depends:
  - __osx >=11.0
  - libffi >=3.5.2,<3.6.0a0
  - pycparser
  - python >=3.14,<3.15.0a0
  - python >=3.14,<3.15.0a0 *_cp314
  - python_abi 3.14.* *_cp314
  license: MIT
  license_family: MIT
  size: 292983
  timestamp: 1761203354051
- conda: https://conda.anaconda.org/conda-forge/noarch/charset-normalizer-3.4.5-pyhd8ed1ab_0.conda
  sha256: 05ea76a016c77839b64f9f8ec581775f6c8a259044bd5b45a177e46ab4e7feac
  md5: beb628209b2b354b98203066f90b3287
  depends:
  - python >=3.10
  license: MIT
  license_family: MIT
  size: 53210
  timestamp: 1772816516728
- conda: https://conda.anaconda.org/conda-forge/noarch/click-8.3.1-pyh8f84b5b_1.conda
  sha256: 38cfe1ee75b21a8361c8824f5544c3866f303af1762693a178266d7f198e8715
  md5: ea8a6c3256897cc31263de9f455e25d9
  depends:
  - python >=3.10
  - __unix
  - python
  license: BSD-3-Clause
  license_family: BSD
  size: 97676
  timestamp: 1764518652276
- conda: https://conda.anaconda.org/conda-forge/noarch/colorama-0.4.6-pyhd8ed1ab_1.conda
  sha256: ab29d57dc70786c1269633ba3dff20288b81664d3ff8d21af995742e2bb03287
  md5: 962b9857ee8e7018c22f2776ffa0b2d7
  depends:
  - python >=3.9
  license: BSD-3-Clause
  license_family: BSD
  size: 27011
  timestamp: 1733218222191
- conda: https://conda.anaconda.org/conda-forge/osx-arm64/conda-26.1.1-py314h4dc9dd8_0.conda
  sha256: e07221f4bda014e492e9a8e99dc5ec307147afd44483346e58eaec6770f10865
  md5: 29a62536271a0869f2d0ecb04e834634
  depends:
  - archspec >=0.2.3
  - boltons >=23.0.0
  - charset-normalizer
  - conda-libmamba-solver >=25.4.0
  - conda-package-handling >=2.2.0
  - distro >=1.5.0
  - frozendict >=2.4.2
  - jsonpatch >=1.32
  - menuinst >=2
  - packaging >=23.0
  - platformdirs >=3.10.0
  - pluggy >=1.0.0
  - pycosat >=0.6.3
  - python >=3.14,<3.15.0a0
  - python >=3.14,<3.15.0a0 *_cp314
  - python_abi 3.14.* *_cp314
  - requests >=2.28.0,<3
  - ruamel.yaml >=0.11.14,<0.19
  - setuptools >=60.0.0
  - tqdm >=4
  - truststore >=0.8.0
  - zstandard >=0.19.0
  constrains:
  - conda-content-trust >=0.1.1
  - conda-build >=25.9
  - conda-env >=2.6
  license: BSD-3-Clause
  license_family: BSD
  size: 1310581
  timestamp: 1772191962239
- conda: https://conda.anaconda.org/conda-forge/noarch/conda-index-0.7.0-pyhd8ed1ab_0.conda
  sha256: c69f458bc0bd2af464288b2b9f5f8d014b408c0a72e12b6049f385f6d30f970f
  md5: 70ba3b97a9a5afc8a8ce3d65260c9b44
  depends:
  - click >=8
  - conda >=4.14.0
  - conda-package-streaming >=0.7.0
  - filelock
  - jinja2
  - msgpack-python >=1.0.2
  - python >=3.10
  - ruamel.yaml
  - zstandard
  license: BSD-3-Clause
  license_family: BSD
  size: 199096
  timestamp: 1760661907193
- conda: https://conda.anaconda.org/conda-forge/noarch/conda-package-handling-2.4.0-pyh7900ff3_2.conda
  sha256: 8b2b1c235b7cbfa8488ad88ff934bdad25bac6a4c035714681fbff85b602f3f0
  md5: 32c158f481b4fd7630c565030f7bc482
  depends:
  - conda-package-streaming >=0.9.0
  - python >=3.9
  - requests
  - zstandard >=0.15
  license: BSD-3-Clause
  license_family: BSD
  size: 257995
  timestamp: 1736345601691
- conda: https://conda.anaconda.org/conda-forge/noarch/conda-package-streaming-0.12.0-pyhd8ed1ab_0.conda
  sha256: 11b76b0be2f629e8035be1d723ccb6e583eb0d2af93bde56113da7fa6e2f2649
  md5: ff75d06af779966a5aeae1be1d409b96
  depends:
  - python >=3.9
  - zstandard >=0.15
  license: BSD-3-Clause
  license_family: BSD
  size: 21933
  timestamp: 1751548225624
- conda: https://conda.anaconda.org/conda-forge/osx-arm64/conda-pypi-0.5.0-py314h4dc9dd8_1.conda
  sha256: a6d851be299c45d6d21075f1e210a8edb9a66ef9a4b3ac1575f9ace289afec3c
  md5: 5008ffedf58ac4ecaa354fc8f5fb9f1f
  depends:
  - conda >=26.1.0
  - conda-index >=0.7.0
  - conda-rattler-solver >=0.0.5
  - packaging
  - pip >=23.0.1
  - platformdirs
  - python >=3.14,<3.15.0a0
  - python >=3.14,<3.15.0a0 *_cp314
  - python-build
  - python-installer
  - python_abi 3.14.* *_cp314
  - unearth
  license: MIT
  license_family: MIT
  size: 252231
  timestamp: 1772823955201
- conda: https://conda.anaconda.org/conda-forge/noarch/conda-rattler-solver-0.0.5-pyhcf101f3_0.conda
  sha256: e0a860c9de2a4a4b98adb9da06c11179ed0f1b1e9dbc009e59e6aa046cc4af97
  md5: ee2bf345c9ab7ba5f159567061ebde32
  depends:
  - python >=3.10
  - conda >=25.5.0
  - py-rattler >=0.21.0
  - python
  - py-rattler <0.23.0a0
  license: BSD-3-Clause
  license_family: BSD
  size: 36550
  timestamp: 1769531890263
- conda: https://conda.anaconda.org/conda-forge/noarch/conda-self-0.1.1-pyhd8ed1ab_0.conda
  sha256: 85fc18c6db71f8d951604685018887906f84e442cf90f9621130979dbc391205
  md5: 3141d0a568d3e777b062c77dbd7641f4
  depends:
  - conda >=23.9.0
  - python >=3.9
  license: BSD-3-Clause
  license_family: BSD
  size: 17593
  timestamp: 1753122241518
- conda: https://conda.anaconda.org/conda-forge/noarch/conda-spawn-0.0.5-pyhd8ed1ab_0.conda
  sha256: 522036944c466dacd2c01b8c6c70c8ffc378a793ab4537973544da47f0c79b47
  md5: a1c0ed4f604536261e98f1d49bb45d88
  depends:
  - conda >=23.9.0
  - pexpect
  - python >=3.9
  - shellingham
  license: MIT AND BSD-3-Clause
  size: 22985
  timestamp: 1738114573725
- conda: https://conda.anaconda.org/conda-forge/noarch/cpython-3.14.3-py314hd8ed1ab_101.conda
  noarch: generic
  sha256: 91b06300879df746214f7363d6c27c2489c80732e46a369eb2afc234bcafb44c
  md5: 3bb89e4f795e5414addaa531d6b1500a
  depends:
  - python >=3.14,<3.15.0a0
  - python_abi * *_cp314
  license: Python-2.0
  size: 50078
  timestamp: 1770674447292
- conda: https://conda.anaconda.org/conda-forge/noarch/distro-1.9.0-pyhd8ed1ab_1.conda
  sha256: 5603c7d0321963bb9b4030eadabc3fd7ca6103a38475b4e0ed13ed6d97c86f4e
  md5: 0a2014fd9860f8b1eaa0b1f3d3771a08
  depends:
  - python >=3.9
  license: Apache-2.0
  license_family: APACHE
  size: 41773
  timestamp: 1734729953882
- conda: https://conda.anaconda.org/conda-forge/noarch/exceptiongroup-1.3.1-pyhd8ed1ab_0.conda
  sha256: ee6cf346d017d954255bbcbdb424cddea4d14e4ed7e9813e429db1d795d01144
  md5: 8e662bd460bda79b1ea39194e3c4c9ab
  depends:
  - python >=3.10
  - typing_extensions >=4.6.0
  license: MIT and PSF-2.0
  size: 21333
  timestamp: 1763918099466
- conda: https://conda.anaconda.org/conda-forge/noarch/filelock-3.25.1-pyhd8ed1ab_0.conda
  sha256: 3e9c0c2e956be0b6495e5102378cebbd666b4a58fe1c114bee41fd9078f9bf82
  md5: e1301f0b6a104ca461697f394be2bd25
  depends:
  - python >=3.10
  license: Unlicense
  size: 25792
  timestamp: 1773119024631
- conda: https://conda.anaconda.org/conda-forge/osx-arm64/frozendict-2.4.7-py314h0612a62_0.conda
  sha256: 614c604a4ff2ee59579d6ad6489726b56027bd49f50f4674cdaf98c6a0daa6be
  md5: 8e7628502497ee2940f8864a22e3bd0c
  depends:
  - __osx >=11.0
  - python >=3.14,<3.15.0a0
  - python >=3.14,<3.15.0a0 *_cp314
  - python_abi 3.14.* *_cp314
  license: LGPL-3.0-only
  license_family: LGPL
  size: 32182
  timestamp: 1763083208667
- conda: https://conda.anaconda.org/conda-forge/noarch/h11-0.16.0-pyhcf101f3_1.conda
  sha256: 96cac6573fd35ae151f4d6979bab6fbc90cb6b1fb99054ba19eb075da9822fcb
  md5: b8993c19b0c32a2f7b66cbb58ca27069
  depends:
  - python >=3.10
  - typing_extensions
  - python
  license: MIT
  license_family: MIT
  size: 39069
  timestamp: 1767729720872
- conda: https://conda.anaconda.org/conda-forge/noarch/h2-4.3.0-pyhcf101f3_0.conda
  sha256: 84c64443368f84b600bfecc529a1194a3b14c3656ee2e832d15a20e0329b6da3
  md5: 164fc43f0b53b6e3a7bc7dce5e4f1dc9
  depends:
  - python >=3.10
  - hyperframe >=6.1,<7
  - hpack >=4.1,<5
  - python
  license: MIT
  license_family: MIT
  size: 95967
  timestamp: 1756364871835
- conda: https://conda.anaconda.org/conda-forge/noarch/hpack-4.1.0-pyhd8ed1ab_0.conda
  sha256: 6ad78a180576c706aabeb5b4c8ceb97c0cb25f1e112d76495bff23e3779948ba
  md5: 0a802cb9888dd14eeefc611f05c40b6e
  depends:
  - python >=3.9
  license: MIT
  license_family: MIT
  size: 30731
  timestamp: 1737618390337
- conda: https://conda.anaconda.org/conda-forge/noarch/httpcore-1.0.9-pyh29332c3_0.conda
  sha256: 04d49cb3c42714ce533a8553986e1642d0549a05dc5cc48e0d43ff5be6679a5b
  md5: 4f14640d58e2cc0aa0819d9d8ba125bb
  depends:
  - python >=3.9
  - h11 >=0.16
  - h2 >=3,<5
  - sniffio 1.*
  - anyio >=4.0,<5.0
  - certifi
  - python
  license: BSD-3-Clause
  license_family: BSD
  size: 49483
  timestamp: 1745602916758
- conda: https://conda.anaconda.org/conda-forge/noarch/httpx-0.28.1-pyhd8ed1ab_0.conda
  sha256: cd0f1de3697b252df95f98383e9edb1d00386bfdd03fdf607fa42fe5fcb09950
  md5: d6989ead454181f4f9bc987d3dc4e285
  depends:
  - anyio
  - certifi
  - httpcore 1.*
  - idna
  - python >=3.9
  license: BSD-3-Clause
  license_family: BSD
  size: 63082
  timestamp: 1733663449209
- conda: https://conda.anaconda.org/conda-forge/noarch/hyperframe-6.1.0-pyhd8ed1ab_0.conda
  sha256: 77af6f5fe8b62ca07d09ac60127a30d9069fdc3c68d6b256754d0ffb1f7779f8
  md5: 8e6923fc12f1fe8f8c4e5c9f343256ac
  depends:
  - python >=3.9
  license: MIT
  license_family: MIT
  size: 17397
  timestamp: 1737618427549
- conda: https://conda.anaconda.org/conda-forge/osx-arm64/icu-78.2-hef89b57_0.conda
  sha256: 24bc62335106c30fecbcc1dba62c5eba06d18b90ea1061abd111af7b9c89c2d7
  md5: 114e6bfe7c5ad2525eb3597acdbf2300
  depends:
  - __osx >=11.0
  license: MIT
  license_family: MIT
  size: 12389400
  timestamp: 1772209104304
- conda: https://conda.anaconda.org/conda-forge/noarch/idna-3.11-pyhd8ed1ab_0.conda
  sha256: ae89d0299ada2a3162c2614a9d26557a92aa6a77120ce142f8e0109bbf0342b0
  md5: 53abe63df7e10a6ba605dc5f9f961d36
  depends:
  - python >=3.10
  license: BSD-3-Clause
  license_family: BSD
  size: 50721
  timestamp: 1760286526795
- conda: https://conda.anaconda.org/conda-forge/noarch/importlib-metadata-8.7.0-pyhe01879c_1.conda
  sha256: c18ab120a0613ada4391b15981d86ff777b5690ca461ea7e9e49531e8f374745
  md5: 63ccfdc3a3ce25b027b8767eb722fca8
  depends:
  - python >=3.9
  - zipp >=3.20
  - python
  license: Apache-2.0
  license_family: APACHE
  size: 34641
  timestamp: 1747934053147
- conda: https://conda.anaconda.org/conda-forge/noarch/jinja2-3.1.6-pyhcf101f3_1.conda
  sha256: fc9ca7348a4f25fed2079f2153ecdcf5f9cf2a0bc36c4172420ca09e1849df7b
  md5: 04558c96691bed63104678757beb4f8d
  depends:
  - markupsafe >=2.0
  - python >=3.10
  - python
  license: BSD-3-Clause
  license_family: BSD
  size: 120685
  timestamp: 1764517220861
- conda: https://conda.anaconda.org/conda-forge/noarch/jsonpatch-1.33-pyhd8ed1ab_1.conda
  sha256: 304955757d1fedbe344af43b12b5467cca072f83cce6109361ba942e186b3993
  md5: cb60ae9cf02b9fcb8004dec4089e5691
  depends:
  - jsonpointer >=1.9
  - python >=3.9
  license: BSD-3-Clause
  license_family: BSD
  size: 17311
  timestamp: 1733814664790
- conda: https://conda.anaconda.org/conda-forge/noarch/jsonpointer-3.0.0-pyhcf101f3_3.conda
  sha256: 1a1328476d14dfa8b84dbacb7f7cd7051c175498406dc513ca6c679dc44f3981
  md5: cd2214824e36b0180141d422aba01938
  depends:
  - python >=3.10
  - python
  license: BSD-3-Clause
  license_family: BSD
  size: 13967
  timestamp: 1765026384757
- conda: https://conda.anaconda.org/conda-forge/osx-arm64/libcxx-22.1.0-h55c6f16_1.conda
  sha256: ce1049fa6fda9cf08ff1c50fb39573b5b0ea6958375d8ea7ccd8456ab81a0bcb
  md5: e9c56daea841013e7774b5cd46f41564
  depends:
  - __osx >=11.0
  license: Apache-2.0 WITH LLVM-exception
  license_family: Apache
  size: 568910
  timestamp: 1772001095642
- conda: https://conda.anaconda.org/conda-forge/osx-arm64/libexpat-2.7.4-hf6b4638_0.conda
  sha256: 03887d8080d6a8fe02d75b80929271b39697ecca7628f0657d7afaea87761edf
  md5: a92e310ae8dfc206ff449f362fc4217f
  depends:
  - __osx >=11.0
  constrains:
  - expat 2.7.4.*
  license: MIT
  license_family: MIT
  size: 68199
  timestamp: 1771260020767
- conda: https://conda.anaconda.org/conda-forge/osx-arm64/libffi-3.5.2-hcf2aa1b_0.conda
  sha256: 6686a26466a527585e6a75cc2a242bf4a3d97d6d6c86424a441677917f28bec7
  md5: 43c04d9cb46ef176bb2a4c77e324d599
  depends:
  - __osx >=11.0
  license: MIT
  license_family: MIT
  size: 40979
  timestamp: 1769456747661
- conda: https://conda.anaconda.org/conda-forge/osx-arm64/liblzma-5.8.2-h8088a28_0.conda
  sha256: 7bfc7ffb2d6a9629357a70d4eadeadb6f88fa26ebc28f606b1c1e5e5ed99dc7e
  md5: 009f0d956d7bfb00de86901d16e486c7
  depends:
  - __osx >=11.0
  constrains:
  - xz 5.8.2.*
  license: 0BSD
  size: 92242
  timestamp: 1768752982486
- conda: https://conda.anaconda.org/conda-forge/osx-arm64/libmpdec-4.0.0-h84a0fba_1.conda
  sha256: 1089c7f15d5b62c622625ec6700732ece83be8b705da8c6607f4dabb0c4bd6d2
  md5: 57c4be259f5e0b99a5983799a228ae55
  depends:
  - __osx >=11.0
  license: BSD-2-Clause
  license_family: BSD
  size: 73690
  timestamp: 1769482560514
- conda: https://conda.anaconda.org/conda-forge/osx-arm64/libsqlite-3.52.0-h1ae2325_0.conda
  sha256: beb0fd5594d6d7c7cd42c992b6bb4d66cbb39d6c94a8234f15956da99a04306c
  md5: f6233a3fddc35a2ec9f617f79d6f3d71
  depends:
  - __osx >=11.0
  - icu >=78.2,<79.0a0
  - libzlib >=1.3.1,<2.0a0
  license: blessing
  size: 918420
  timestamp: 1772819478684
- conda: https://conda.anaconda.org/conda-forge/osx-arm64/libzlib-1.3.1-h8359307_2.conda
  sha256: ce34669eadaba351cd54910743e6a2261b67009624dbc7daeeafdef93616711b
  md5: 369964e85dc26bfe78f41399b366c435
  depends:
  - __osx >=11.0
  constrains:
  - zlib 1.3.1 *_2
  license: Zlib
  license_family: Other
  size: 46438
  timestamp: 1727963202283
- conda: https://conda.anaconda.org/conda-forge/osx-arm64/markupsafe-3.0.3-py314h6e9b3f0_1.conda
  sha256: 411153d14ee0d98be6e3751cf5cc0502db17bce2deebebb8779e33d29d0e525f
  md5: d33c0a15882b70255abdd54711b06a45
  depends:
  - __osx >=11.0
  - python >=3.14,<3.15.0a0
  - python >=3.14,<3.15.0a0 *_cp314
  - python_abi 3.14.* *_cp314
  constrains:
  - jinja2 >=3.0.0
  license: BSD-3-Clause
  license_family: BSD
  size: 27256
  timestamp: 1772445397216
- conda: https://conda.anaconda.org/conda-forge/osx-arm64/menuinst-2.4.2-py314h4dc9dd8_0.conda
  sha256: cfe6079a2193f9ecf0279bff01eb57499a5a081607ea3c83b2c5522c00a538ca
  md5: 312610ff2ccaa1e4995f4fb3d8c04f96
  depends:
  - python >=3.14,<3.15.0a0
  - python >=3.14,<3.15.0a0 *_cp314
  - python_abi 3.14.* *_cp314
  license: BSD-3-Clause AND MIT
  size: 188284
  timestamp: 1765733422732
- conda: https://conda.anaconda.org/conda-forge/osx-arm64/msgpack-python-1.1.2-py314h784bc60_1.conda
  sha256: 9dc4ebe88064cf96bb97a4de83be10fbc52a24d2ff48a4561fb0fed337b526f0
  md5: 305227e4de261896033ad8081e8b52ae
  depends:
  - __osx >=11.0
  - libcxx >=19
  - python >=3.14,<3.15.0a0
  - python >=3.14,<3.15.0a0 *_cp314
  - python_abi 3.14.* *_cp314
  license: Apache-2.0
  license_family: Apache
  size: 92381
  timestamp: 1762504601981
- conda: https://conda.anaconda.org/conda-forge/osx-arm64/ncurses-6.5-h5e97a16_3.conda
  sha256: 2827ada40e8d9ca69a153a45f7fd14f32b2ead7045d3bbb5d10964898fe65733
  md5: 068d497125e4bf8a66bf707254fff5ae
  depends:
  - __osx >=11.0
  license: X11 AND BSD-3-Clause
  size: 797030
  timestamp: 1738196177597
- conda: https://conda.anaconda.org/conda-forge/osx-arm64/openssl-3.6.1-hd24854e_1.conda
  sha256: 361f5c5e60052abc12bdd1b50d7a1a43e6a6653aab99a2263bf2288d709dcf67
  md5: f4f6ad63f98f64191c3e77c5f5f29d76
  depends:
  - __osx >=11.0
  - ca-certificates
  license: Apache-2.0
  license_family: Apache
  size: 3104268
  timestamp: 1769556384749
- conda: https://conda.anaconda.org/conda-forge/noarch/packaging-26.0-pyhcf101f3_0.conda
  sha256: c1fc0f953048f743385d31c468b4a678b3ad20caffdeaa94bed85ba63049fd58
  md5: b76541e68fea4d511b1ac46a28dcd2c6
  depends:
  - python >=3.8
  - python
  license: Apache-2.0
  license_family: APACHE
  size: 72010
  timestamp: 1769093650580
- conda: https://conda.anaconda.org/conda-forge/noarch/pexpect-4.9.0-pyhd8ed1ab_1.conda
  sha256: 202af1de83b585d36445dc1fda94266697341994d1a3328fabde4989e1b3d07a
  md5: d0d408b1f18883a944376da5cf8101ea
  depends:
  - ptyprocess >=0.5
  - python >=3.9
  license: ISC
  size: 53561
  timestamp: 1733302019362
- conda: https://conda.anaconda.org/conda-forge/noarch/pip-26.0.1-pyh145f28c_0.conda
  sha256: 5f66ea31d62188c266c5a8752119b0cc90a5bf05963f665cf48a33e0ec58d39c
  md5: 09a970fbf75e8ed1aa633827ded6aa4f
  depends:
  - python >=3.13.0a0
  license: MIT
  license_family: MIT
  size: 1180743
  timestamp: 1770270312477
- conda: https://conda.anaconda.org/conda-forge/noarch/platformdirs-4.9.2-pyhcf101f3_0.conda
  sha256: 7f263219cecf0ba6d74c751efa60c4676ce823157ca90aa43ebba5ac615ca0fa
  md5: 4fefefb892ce9cc1539405bec2f1a6cd
  depends:
  - python >=3.10
  - python
  license: MIT
  license_family: MIT
  size: 25643
  timestamp: 1771233827084
- conda: https://conda.anaconda.org/conda-forge/noarch/pluggy-1.6.0-pyhf9edf01_1.conda
  sha256: e14aafa63efa0528ca99ba568eaf506eb55a0371d12e6250aaaa61718d2eb62e
  md5: d7585b6550ad04c8c5e21097ada2888e
  depends:
  - python >=3.9
  - python
  license: MIT
  license_family: MIT
  size: 25877
  timestamp: 1764896838868
- conda: https://conda.anaconda.org/conda-forge/noarch/ptyprocess-0.7.0-pyhd8ed1ab_1.conda
  sha256: a7713dfe30faf17508ec359e0bc7e0983f5d94682492469bd462cdaae9c64d83
  md5: 7d9daffbb8d8e0af0f769dbbcd173a54
  depends:
  - python >=3.9
  license: ISC
  size: 19457
  timestamp: 1733302371990
- conda: https://conda.anaconda.org/conda-forge/osx-arm64/py-rattler-0.22.0-py310hcf6febd_0.conda
  noarch: python
  sha256: 8fd8733772d61b47ff43de89dbe59e2077335c25a16a1bf227dfe2ef04d028fc
  md5: 9cd2290d0b4ebf713b83cb943cd17d07
  depends:
  - python
  - __osx >=11.0
  - _python_abi3_support 1.*
  - cpython >=3.10
  - openssl >=3.5.5,<4.0a0
  constrains:
  - __osx >=11.0
  license: BSD-3-Clause
  license_family: BSD
  size: 9142262
  timestamp: 1769746143468
- conda: https://conda.anaconda.org/conda-forge/osx-arm64/pycosat-0.6.6-py314hb84d1df_3.conda
  sha256: ec919254bca5ba7ef89ac1284582aa91297b89c3b640feda05a3cab0a0402db2
  md5: b23019984b3399dada68581c20e6ef85
  depends:
  - __osx >=11.0
  - python >=3.14.0rc2,<3.15.0a0
  - python >=3.14.0rc2,<3.15.0a0 *_cp314
  - python_abi 3.14.* *_cp314
  license: MIT
  license_family: MIT
  size: 92986
  timestamp: 1757744788529
- conda: https://conda.anaconda.org/conda-forge/noarch/pycparser-2.22-pyh29332c3_1.conda
  sha256: 79db7928d13fab2d892592223d7570f5061c192f27b9febd1a418427b719acc6
  md5: 12c566707c80111f9799308d9e265aef
  depends:
  - python >=3.9
  - python
  license: BSD-3-Clause
  license_family: BSD
  size: 110100
  timestamp: 1733195786147
- conda: https://conda.anaconda.org/conda-forge/noarch/pyproject_hooks-1.2.0-pyhd8ed1ab_1.conda
  sha256: 065ac44591da9abf1ff740feb25929554b920b00d09287a551fcced2c9791092
  md5: d4582021af437c931d7d77ec39007845
  depends:
  - python >=3.9
  - tomli >=1.1.0
  license: MIT
  license_family: MIT
  size: 15528
  timestamp: 1733710122949
- conda: https://conda.anaconda.org/conda-forge/noarch/pysocks-1.7.1-pyha55dd90_7.conda
  sha256: ba3b032fa52709ce0d9fd388f63d330a026754587a2f461117cac9ab73d8d0d8
  md5: 461219d1a5bd61342293efa2c0c90eac
  depends:
  - __unix
  - python >=3.9
  license: BSD-3-Clause
  license_family: BSD
  size: 21085
  timestamp: 1733217331982
- conda: https://conda.anaconda.org/conda-forge/osx-arm64/python-3.14.3-h4c637c5_101_cp314.conda
  build_number: 101
  sha256: fccce2af62d11328d232df9f6bbf63464fd45f81f718c661757f9c628c4378ce
  md5: 753c8d0447677acb7ddbcc6e03e82661
  depends:
  - __osx >=11.0
  - bzip2 >=1.0.8,<2.0a0
  - libexpat >=2.7.3,<3.0a0
  - libffi >=3.5.2,<3.6.0a0
  - liblzma >=5.8.2,<6.0a0
  - libmpdec >=4.0.0,<5.0a0
  - libsqlite >=3.51.2,<4.0a0
  - libzlib >=1.3.1,<2.0a0
  - ncurses >=6.5,<7.0a0
  - openssl >=3.5.5,<4.0a0
  - python_abi 3.14.* *_cp314
  - readline >=8.3,<9.0a0
  - tk >=8.6.13,<8.7.0a0
  - tzdata
  - zstd >=1.5.7,<1.6.0a0
  license: Python-2.0
  size: 13522698
  timestamp: 1770675365241
  python_site_packages_path: lib/python3.14/site-packages
- conda: https://conda.anaconda.org/conda-forge/noarch/python-build-1.4.0-pyh332efcf_0.conda
  sha256: 195e483a12bcec40b817f4001d4d4b8ea1cb2de66a62aeabfff6e32e29b3f407
  md5: dbbb75958b0b03842dcf9be2f200fc10
  depends:
  - colorama
  - importlib-metadata >=4.6
  - packaging >=19.0
  - pyproject_hooks
  - python >=3.10
  - tomli >=1.1.0
  constrains:
  - build <0
  license: MIT
  license_family: MIT
  size: 26687
  timestamp: 1767988747352
- conda: https://conda.anaconda.org/conda-forge/noarch/python-gil-3.14.3-h4df99d1_101.conda
  sha256: 233aebd94c704ac112afefbb29cf4170b7bc606e22958906f2672081bc50638a
  md5: 235765e4ea0d0301c75965985163b5a1
  depends:
  - cpython 3.14.3.*
  - python_abi * *_cp314
  license: Python-2.0
  size: 50062
  timestamp: 1770674497152
- conda: https://conda.anaconda.org/conda-forge/noarch/python-installer-0.7.0-pyhff2d567_1.conda
  sha256: f1fc3e9561b6d3bee2f738f5b1818b51124f45a2b28b3bf6c2174d629276e069
  md5: e27480eebcdf247209e90da706ebef8d
  depends:
  - python >=3.9
  license: MIT
  license_family: MIT
  size: 233096
  timestamp: 1733237431602
- conda: https://conda.anaconda.org/conda-forge/noarch/python_abi-3.14-8_cp314.conda
  build_number: 8
  sha256: ad6d2e9ac39751cc0529dd1566a26751a0bf2542adb0c232533d32e176e21db5
  md5: 0539938c55b6b1a59b560e843ad864a4
  constrains:
  - python 3.14.* *_cp314
  license: BSD-3-Clause
  license_family: BSD
  size: 6989
  timestamp: 1752805904792
- conda: https://conda.anaconda.org/conda-forge/osx-arm64/readline-8.3-h46df422_0.conda
  sha256: a77010528efb4b548ac2a4484eaf7e1c3907f2aec86123ed9c5212ae44502477
  md5: f8381319127120ce51e081dce4865cf4
  depends:
  - __osx >=11.0
  - ncurses >=6.5,<7.0a0
  license: GPL-3.0-only
  license_family: GPL
  size: 313930
  timestamp: 1765813902568
- conda: https://conda.anaconda.org/conda-forge/noarch/requests-2.32.5-pyhcf101f3_1.conda
  sha256: 7813c38b79ae549504b2c57b3f33394cea4f2ad083f0994d2045c2e24cb538c5
  md5: c65df89a0b2e321045a9e01d1337b182
  depends:
  - python >=3.10
  - certifi >=2017.4.17
  - charset-normalizer >=2,<4
  - idna >=2.5,<4
  - urllib3 >=1.21.1,<3
  - python
  constrains:
  - chardet >=3.0.2,<6
  license: Apache-2.0
  license_family: APACHE
  size: 63602
  timestamp: 1766926974520
- conda: https://conda.anaconda.org/conda-forge/osx-arm64/ruamel.yaml-0.18.17-py314ha14b1ff_2.conda
  sha256: 0f498e343be464219a99424260ff442144d0461a3a5eb30c9de6081af358b281
  md5: 87fc3a204f105e7e61c60a72509cccbd
  depends:
  - python
  - ruamel.yaml.clib >=0.2.15
  - __osx >=11.0
  - python 3.14.* *_cp314
  - python_abi 3.14.* *_cp314
  license: MIT
  license_family: MIT
  size: 311922
  timestamp: 1766175797575
- conda: https://conda.anaconda.org/conda-forge/osx-arm64/ruamel.yaml.clib-0.2.15-py314ha14b1ff_1.conda
  sha256: ad575cae7f662b2dafca88c4ce05120e322f825c0610e54b0a116550c817bbbe
  md5: 5836fbf79e5f279ffbe4ba06066c51a3
  depends:
  - python
  - python 3.14.* *_cp314
  - __osx >=11.0
  - python_abi 3.14.* *_cp314
  license: MIT
  license_family: MIT
  size: 133016
  timestamp: 1766159585543
- conda: https://conda.anaconda.org/conda-forge/noarch/setuptools-82.0.1-pyh332efcf_0.conda
  sha256: 82088a6e4daa33329a30bc26dc19a98c7c1d3f05c0f73ce9845d4eab4924e9e1
  md5: 8e194e7b992f99a5015edbd4ebd38efd
  depends:
  - python >=3.10
  license: MIT
  license_family: MIT
  size: 639697
  timestamp: 1773074868565
- conda: https://conda.anaconda.org/conda-forge/noarch/shellingham-1.5.4-pyhd8ed1ab_2.conda
  sha256: 1d6534df8e7924d9087bd388fbac5bd868c5bf8971c36885f9f016da0657d22b
  md5: 83ea3a2ddb7a75c1b09cea582aa4f106
  depends:
  - python >=3.10
  license: MIT
  license_family: MIT
  size: 15018
  timestamp: 1762858315311
- conda: https://conda.anaconda.org/conda-forge/noarch/sniffio-1.3.1-pyhd8ed1ab_2.conda
  sha256: dce518f45e24cd03f401cb0616917773159a210c19d601c5f2d4e0e5879d30ad
  md5: 03fe290994c5e4ec17293cfb6bdce520
  depends:
  - python >=3.10
  license: Apache-2.0
  license_family: Apache
  size: 15698
  timestamp: 1762941572482
- conda: https://conda.anaconda.org/conda-forge/osx-arm64/tk-8.6.13-h010d191_3.conda
  sha256: 799cab4b6cde62f91f750149995d149bc9db525ec12595e8a1d91b9317f038b3
  md5: a9d86bc62f39b94c4661716624eb21b0
  depends:
  - __osx >=11.0
  - libzlib >=1.3.1,<2.0a0
  license: TCL
  license_family: BSD
  size: 3127137
  timestamp: 1769460817696
- conda: https://conda.anaconda.org/conda-forge/noarch/tomli-2.4.0-pyhcf101f3_0.conda
  sha256: 62940c563de45790ba0f076b9f2085a842a65662268b02dd136a8e9b1eaf47a8
  md5: 72e780e9aa2d0a3295f59b1874e3768b
  depends:
  - python >=3.10
  - python
  license: MIT
  license_family: MIT
  size: 21453
  timestamp: 1768146676791
- conda: https://conda.anaconda.org/conda-forge/noarch/tqdm-4.67.3-pyh8f84b5b_0.conda
  sha256: 9ef8e47cf00e4d6dcc114eb32a1504cc18206300572ef14d76634ba29dfe1eb6
  md5: e5ce43272193b38c2e9037446c1d9206
  depends:
  - python >=3.10
  - __unix
  - python
  license: MPL-2.0 and MIT
  size: 94132
  timestamp: 1770153424136
- conda: https://conda.anaconda.org/conda-forge/noarch/truststore-0.10.4-pyhcf101f3_0.conda
  sha256: eece5be81588c39a855a0b70da84e0febb878a6d91dd27d6d21370ce9e5c5a46
  md5: c2db35b004913ec69bcac64fb0783de0
  depends:
  - python >=3.10,<4
  - python
  license: MIT
  license_family: MIT
  size: 24279
  timestamp: 1766494826559
- conda: https://conda.anaconda.org/conda-forge/noarch/typing_extensions-4.15.0-pyhcf101f3_0.conda
  sha256: 032271135bca55aeb156cee361c81350c6f3fb203f57d024d7e5a1fc9ef18731
  md5: 0caa1af407ecff61170c9437a808404d
  depends:
  - python >=3.10
  - python
  license: PSF-2.0
  license_family: PSF
  size: 51692
  timestamp: 1756220668932
- conda: https://conda.anaconda.org/conda-forge/noarch/tzdata-2025c-hc9c84f9_1.conda
  sha256: 1d30098909076af33a35017eed6f2953af1c769e273a0626a04722ac4acaba3c
  md5: ad659d0a2b3e47e38d829aa8cad2d610
  license: LicenseRef-Public-Domain
  size: 119135
  timestamp: 1767016325805
- conda: https://conda.anaconda.org/conda-forge/noarch/unearth-0.18.2-pyhd8ed1ab_0.conda
  sha256: 2fe118c7c33571613cd12f7e9771049e19a46abaa6abfa4adc92d0defc54c61e
  md5: a85b53859c40d115022948c8f225d8d6
  depends:
  - cached-property >=1.5.2
  - httpx
  - packaging >=20
  - python >=3.10
  - requests >=2.25
  license: MIT
  license_family: MIT
  size: 286235
  timestamp: 1766474788879
- conda: https://conda.anaconda.org/conda-forge/noarch/urllib3-2.6.3-pyhd8ed1ab_0.conda
  sha256: af641ca7ab0c64525a96fd9ad3081b0f5bcf5d1cbb091afb3f6ed5a9eee6111a
  md5: 9272daa869e03efe68833e3dc7a02130
  depends:
  - backports.zstd >=1.0.0
  - brotli-python >=1.2.0
  - h2 >=4,<5
  - pysocks >=1.5.6,<2.0,!=1.5.7
  - python >=3.10
  license: MIT
  license_family: MIT
  size: 103172
  timestamp: 1767817860341
- conda: https://conda.anaconda.org/conda-forge/noarch/zipp-3.23.0-pyhcf101f3_1.conda
  sha256: b4533f7d9efc976511a73ef7d4a2473406d7f4c750884be8e8620b0ce70f4dae
  md5: 30cd29cb87d819caead4d55184c1d115
  depends:
  - python >=3.10
  - python
  license: MIT
  license_family: MIT
  size: 24194
  timestamp: 1764460141901
- conda: https://conda.anaconda.org/conda-forge/osx-arm64/zstandard-0.25.0-py314h9d33bd4_1.conda
  sha256: cdeb350914094e15ec6310f4699fa81120700ca7ab7162a6b3421f9ea9c690b4
  md5: 8a92a736ab23b4633ac49dcbfcc81e14
  depends:
  - python
  - cffi >=1.11
  - zstd >=1.5.7,<1.5.8.0a0
  - python 3.14.* *_cp314
  - __osx >=11.0
  - python_abi 3.14.* *_cp314
  - zstd >=1.5.7,<1.6.0a0
  license: BSD-3-Clause
  license_family: BSD
  size: 397786
  timestamp: 1762512730914
- conda: https://conda.anaconda.org/conda-forge/osx-arm64/zstd-1.5.7-hbf9d68e_6.conda
  sha256: 9485ba49e8f47d2b597dd399e88f4802e100851b27c21d7525625b0b4025a5d9
  md5: ab136e4c34e97f34fb621d2592a393d8
  depends:
  - __osx >=11.0
  - libzlib >=1.3.1,<2.0a0
  license: BSD-3-Clause
  license_family: BSD
  size: 433413
  timestamp: 1764777166076
